
Microsoft Visual Studio Solution File, Format Version 12.00
# Visual Studio Version 17
VisualStudioVersion = 17.2.32516.85
MinimumVisualStudioVersion = 10.0.40219.1
Project("{9A19103F-16F7-4668-BE54-9A1E7A4F7556}") = "MarketplaceBryanEcommerce.Server", "MarketplaceBryanEcommerce\Server\MarketplaceBryanEcommerce.Server.csproj", "{72A66392-1C45-4559-A688-5CB0E423070D}"
EndProject
Project("{9A19103F-16F7-4668-BE54-9A1E7A4F7556}") = "MarketplaceBryanEcommerce.Client", "MarketplaceBryanEcommerce\Client\MarketplaceBryanEcommerce.Client.csproj", "{9E41DD09-F055-44FD-BA5E-3603C3B8E8C2}"
EndProject
Project("{9A19103F-16F7-4668-BE54-9A1E7A4F7556}") = "MarketplaceBryanEcommerce.Shared", "MarketplaceBryanEcommerce\Shared\MarketplaceBryanEcommerce.Shared.csproj", "{6E19D25E-E7B6-4866-B753-6EB260A7FC2D}"
EndProject
Global
	GlobalSection(SolutionConfigurationPlatforms) = preSolution
		Debug|Any CPU = Debug|Any CPU
		Release|Any CPU = Release|Any CPU
	EndGlobalSection
	GlobalSection(ProjectConfigurationPlatforms) = postSolution
		{72A66392-1C45-4559-A688-5CB0E423070D}.Debug|Any CPU.ActiveCfg = Debug|Any CPU
		{72A66392-1C45-4559-A688-5CB0E423070D}.Debug|Any CPU.Build.0 = Debug|Any CPU
		{72A66392-1C45-4559-A688-5CB0E423070D}.Release|Any CPU.ActiveCfg = Release|Any CPU
		{72A66392-1C45-4559-A688-5CB0E423070D}.Release|Any CPU.Build.0 = Release|Any CPU
		{9E41DD09-F055-44FD-BA5E-3603C3B8E8C2}.Debug|Any CPU.ActiveCfg = Debug|Any CPU
		{9E41DD09-F055-44FD-BA5E-3603C3B8E8C2}.Debug|Any CPU.Build.0 = Debug|Any CPU
		{9E41DD09-F055-44FD-BA5E-3603C3B8E8C2}.Release|Any CPU.ActiveCfg = Release|Any CPU
		{9E41DD09-F055-44FD-BA5E-3603C3B8E8C2}.Release|Any CPU.Build.0 = Release|Any CPU
		{6E19D25E-E7B6-4866-B753-6EB260A7FC2D}.Debug|Any CPU.ActiveCfg = Debug|Any CPU
		{6E19D25E-E7B6-4866-B753-6EB260A7FC2D}.Debug|Any CPU.Build.0 = Debug|Any CPU
		{6E19D25E-E7B6-4866-B753-6EB260A7FC2D}.Release|Any CPU.ActiveCfg = Release|Any CPU
		{6E19D25E-E7B6-4866-B753-6EB260A7FC2D}.Release|Any CPU.Build.0 = Release|Any CPU
	EndGlobalSection
	GlobalSection(SolutionProperties) = preSolution
		HideSolutionNode = FALSE
	EndGlobalSection
	GlobalSection(ExtensibilityGlobals) = postSolution
		SolutionGuid = {4B9542CB-6802-4415-AFD2-7CB4F4BFE3AF}
	EndGlobalSection
EndGlobal
